
Microsoft Visual Studio Solution File, Format Version 12.00
Project("{FAE04EC0-301F-11D3-BF4B-00C04F79EFBC}") = "Battleships", "Battleships\Battleships.csproj", "{4FEFD0A2-7DB6-4191-918E-7D1EFAB63A20}"
EndProject
Project("{FAE04EC0-301F-11D3-BF4B-00C04F79EFBC}") = "Battleship.Console", "Battleship.Console\Battleship.Console.csproj", "{87D3D50F-D923-4B04-8F23-708FBD851E77}"
EndProject
Project("{FAE04EC0-301F-11D3-BF4B-00C04F79EFBC}") = "Battleship.GeneratorDemo", "Battleship.GeneratorDemo\Battleship.GeneratorDemo.csproj", "{150BCD63-E115-40D4-A94A-44B3E0AEE93E}"
EndProject
Global
	GlobalSection(SolutionConfigurationPlatforms) = preSolution
		Debug|Any CPU = Debug|Any CPU
		Release|Any CPU = Release|Any CPU
	EndGlobalSection
	GlobalSection(ProjectConfigurationPlatforms) = postSolution
		{4FEFD0A2-7DB6-4191-918E-7D1EFAB63A20}.Debug|Any CPU.ActiveCfg = Debug|Any CPU
		{4FEFD0A2-7DB6-4191-918E-7D1EFAB63A20}.Debug|Any CPU.Build.0 = Debug|Any CPU
		{4FEFD0A2-7DB6-4191-918E-7D1EFAB63A20}.Release|Any CPU.ActiveCfg = Release|Any CPU
		{4FEFD0A2-7DB6-4191-918E-7D1EFAB63A20}.Release|Any CPU.Build.0 = Release|Any CPU
		{87D3D50F-D923-4B04-8F23-708FBD851E77}.Debug|Any CPU.ActiveCfg = Debug|Any CPU
		{87D3D50F-D923-4B04-8F23-708FBD851E77}.Debug|Any CPU.Build.0 = Debug|Any CPU
		{87D3D50F-D923-4B04-8F23-708FBD851E77}.Release|Any CPU.ActiveCfg = Release|Any CPU
		{87D3D50F-D923-4B04-8F23-708FBD851E77}.Release|Any CPU.Build.0 = Release|Any CPU
		{150BCD63-E115-40D4-A94A-44B3E0AEE93E}.Debug|Any CPU.ActiveCfg = Debug|Any CPU
		{150BCD63-E115-40D4-A94A-44B3E0AEE93E}.Debug|Any CPU.Build.0 = Debug|Any CPU
		{150BCD63-E115-40D4-A94A-44B3E0AEE93E}.Release|Any CPU.ActiveCfg = Release|Any CPU
		{150BCD63-E115-40D4-A94A-44B3E0AEE93E}.Release|Any CPU.Build.0 = Release|Any CPU
	EndGlobalSection
EndGlobal
